// !$*UTF8*$!
{
	archiveVersion = 1;
	classes = {
	};
	objectVersion = 77;
	objects = {

/* Begin PBXBuildFile section */
		0097EF4A27F774CFADAE6253 /* CalendarSettingsView.swift in Sources */ = {isa = PBXBuildFile; fileRef = 7858863A339C5EF1BCBE16F1 /* CalendarSettingsView.swift */; };
		03224C59A9FC7D56BF6CBC59 /* DomainModelDecodingTests.swift in Sources */ = {isa = PBXBuildFile; fileRef = 158F6D929C372373F2607708 /* DomainModelDecodingTests.swift */; };
		05F4D2A8F8009301C7BAAD97 /* TuitionView.swift in Sources */ = {isa = PBXBuildFile; fileRef = 7AAA3A76FF6AB35BC7BD1749 /* TuitionView.swift */; };
		077CE1CC828C4E5E03151E25 /* StudentEditingValidation.swift in Sources */ = {isa = PBXBuildFile; fileRef = CD3F39CD424290E9A79CCC6C /* StudentEditingValidation.swift */; };
		08EC033C93BAFEDD18904695 /* StudentDetailView.swift in Sources */ = {isa = PBXBuildFile; fileRef = 83B5B56041862DC329EF12EE /* StudentDetailView.swift */; };
		0A49C5176260AD4AA7DD7979 /* ScheduleConflictDetector.swift in Sources */ = {isa = PBXBuildFile; fileRef = CA3866C6F5CD92653A84FFC6 /* ScheduleConflictDetector.swift */; };
		0E7B350BFBFA07BF12B7033D /* StudentEditingValidationTests.swift in Sources */ = {isa = PBXBuildFile; fileRef = 4D53FC4F20ED8D2F0E86F642 /* StudentEditingValidationTests.swift */; };
		15E55E8FC6380BC7BABA937E /* ScheduleValidation.swift in Sources */ = {isa = PBXBuildFile; fileRef = EFACADE36985DE4C6C4ED788 /* ScheduleValidation.swift */; };
		15E7704655F0B845AAFCF64D /* ScheduleConflictDetectorTests.swift in Sources */ = {isa = PBXBuildFile; fileRef = C42C0F0EEC22933F4459F5AC /* ScheduleConflictDetectorTests.swift */; };
		18272C013F8E257324077373 /* SettingsView.swift in Sources */ = {isa = PBXBuildFile; fileRef = 801D89AF116C157E51C0F3C1 /* SettingsView.swift */; };
		19ADEB4D4A0E00CBC1EA2794 /* LessonSummaryFormatterTests.swift in Sources */ = {isa = PBXBuildFile; fileRef = 5CE388B7589DC012ED74D822 /* LessonSummaryFormatterTests.swift */; };
		1DA6C51BA5A115FA9CDB02EB /* AutomaticBackupControllerTests.swift in Sources */ = {isa = PBXBuildFile; fileRef = 4B28333CD98BA140B35B7A03 /* AutomaticBackupControllerTests.swift */; };
		1E2108B8F786B127DF92B298 /* LocalDataResetControllerTests.swift in Sources */ = {isa = PBXBuildFile; fileRef = 3DC0E0C7FD5C1A01341C9F42 /* LocalDataResetControllerTests.swift */; };
		1EAF431A8C992C96A2B7E52A /* ScheduleLessonSheet.swift in Sources */ = {isa = PBXBuildFile; fileRef = 669AB6F7F0C77E4038FB1024 /* ScheduleLessonSheet.swift */; };
		25C5F04212279C7565D1642C /* DashboardViewModelTests.swift in Sources */ = {isa = PBXBuildFile; fileRef = B854AA8E4AB5530E09131382 /* DashboardViewModelTests.swift */; };
		2848960009D987E710FF4173 /* libsqlite3.tbd in Frameworks */ = {isa = PBXBuildFile; fileRef = A667F6682D48A592521C7F92 /* libsqlite3.tbd */; };
		2A4E1EA3F550A781C546A127 /* AppStartupState.swift in Sources */ = {isa = PBXBuildFile; fileRef = EAB5B981CF22A6BB3E646B76 /* AppStartupState.swift */; };
		2F1EAA437049B2180389573B /* EventKitCalendarRepository.swift in Sources */ = {isa = PBXBuildFile; fileRef = CDC25BE7C7567B3E133873F8 /* EventKitCalendarRepository.swift */; };
		3031195BB2B060635F0558C1 /* WeeklyOccurrenceExpanderTests.swift in Sources */ = {isa = PBXBuildFile; fileRef = 67F8605E5E26E1FD95C809F9 /* WeeklyOccurrenceExpanderTests.swift */; };
		318772F114B5CE0798599142 /* LocalDataBackupController.swift in Sources */ = {isa = PBXBuildFile; fileRef = 7E8B99AE703F49CAA3C9BE12 /* LocalDataBackupController.swift */; };
		43829950600599FC9AB8FC96 /* LocalWriteQueue.swift in Sources */ = {isa = PBXBuildFile; fileRef = A9678B250F29C45D81C24581 /* LocalWriteQueue.swift */; };
		45A5292DCB68D5293720CF6A /* TuitionValidation.swift in Sources */ = {isa = PBXBuildFile; fileRef = D7D36362FFE27031BEF683B5 /* TuitionValidation.swift */; };
		4C2053064A9E8FC334EB1AB8 /* StudentDetailEditorPanel.swift in Sources */ = {isa = PBXBuildFile; fileRef = 4D27E12904350D5A301566D1 /* StudentDetailEditorPanel.swift */; };
		50F9026777250849FCD014C5 /* PreviewRepository.swift in Sources */ = {isa = PBXBuildFile; fileRef = F10784E89996AF4D86EAA11B /* PreviewRepository.swift */; };
		537FD7D45489E87EE09E5870 /* DrumLessonOSApp.swift in Sources */ = {isa = PBXBuildFile; fileRef = AC05CF996AED8A5427C42D46 /* DrumLessonOSApp.swift */; };
		5483CC73EC2CECEBEA78F546 /* StudentHeaderView.swift in Sources */ = {isa = PBXBuildFile; fileRef = 522BC11979E5B18606B3C3C6 /* StudentHeaderView.swift */; };
		575CFB9D9CC22B23E5452CF3 /* LessonDateFormatters.swift in Sources */ = {isa = PBXBuildFile; fileRef = EAC128167076B6FBE7E98312 /* LessonDateFormatters.swift */; };
		5C924A3591272E7C7E2766C9 /* AddStudentSheet.swift in Sources */ = {isa = PBXBuildFile; fileRef = 5A025F718CD1B847E31604D3 /* AddStudentSheet.swift */; };
		5E93401C71144BD9172456C7 /* LocalAppEnvironmentTests.swift in Sources */ = {isa = PBXBuildFile; fileRef = 2FDB97934D7B1E5A2017168E /* LocalAppEnvironmentTests.swift */; };
		5EFCCDE491F4752A56E39C9A /* CalendarView.swift in Sources */ = {isa = PBXBuildFile; fileRef = ECBE277FA90649F42F91B1BA /* CalendarView.swift */; };
		60B261204F83E7E236C92319 /* LessonFlowWorkspace.swift in Sources */ = {isa = PBXBuildFile; fileRef = 431018D64DE0CF883ABA0346 /* LessonFlowWorkspace.swift */; };
		6124D2F58E5C6339D5017009 /* TuitionRepositoryTests.swift in Sources */ = {isa = PBXBuildFile; fileRef = 80F789B725B9E9D0F0FE451D /* TuitionRepositoryTests.swift */; };
		6665B060280EC682F1E6A672 /* LessonSummaryFormatter.swift in Sources */ = {isa = PBXBuildFile; fileRef = 351651184A98861AC4B8511F /* LessonSummaryFormatter.swift */; };
		67FD045F8DC13E5D7D3C90E3 /* ReadModels.swift in Sources */ = {isa = PBXBuildFile; fileRef = 1AA1419967799EFBFA2310EA /* ReadModels.swift */; };
		6BEA1EA343BCFD2E9347750D /* SelectedLessonPanel.swift in Sources */ = {isa = PBXBuildFile; fileRef = C31D9AD37139204AB86D8DDC /* SelectedLessonPanel.swift */; };
		71BF4EBA7C026C2D8A4D4C65 /* TuitionRepository.swift in Sources */ = {isa = PBXBuildFile; fileRef = 93377E3497500B00D5DA19C2 /* TuitionRepository.swift */; };
		747487C76452CF257974AE4F /* RetryScheduler.swift in Sources */ = {isa = PBXBuildFile; fileRef = B914D8006C5A6DF2C6592244 /* RetryScheduler.swift */; };
		75134CF0DD7156DC812799F4 /* TuitionModels.swift in Sources */ = {isa = PBXBuildFile; fileRef = E05C5EC8B7BBFD2258218BE2 /* TuitionModels.swift */; };
		7C567DA1408984A60F4F6D41 /* WeeklyOccurrenceExpander.swift in Sources */ = {isa = PBXBuildFile; fileRef = 250EFE5D266F726DFB765349 /* WeeklyOccurrenceExpander.swift */; };
		7D7B4B038EC6B8514010CC24 /* NativeSmokeTests.swift in Sources */ = {isa = PBXBuildFile; fileRef = 67AF3B3638FF6FB6549F9047 /* NativeSmokeTests.swift */; };
		7DEC39F3483D58D4D9867004 /* LocalSQLiteRepositoryTests.swift in Sources */ = {isa = PBXBuildFile; fileRef = 27C7B7872E0F8CE9A08C521C /* LocalSQLiteRepositoryTests.swift */; };
		92C41848E5CC9442B77CBEDA /* DashboardView.swift in Sources */ = {isa = PBXBuildFile; fileRef = BFC8AFBFA9095C64936B2254 /* DashboardView.swift */; };
		9430B666492D4DE6F3783E5D /* Assets.xcassets in Resources */ = {isa = PBXBuildFile; fileRef = C70800F76B7F073C6338204B /* Assets.xcassets */; };
		95A32E4CDE11451EE1700BA1 /* AppRoute.swift in Sources */ = {isa = PBXBuildFile; fileRef = 6CF6A045E6FE055F046781A3 /* AppRoute.swift */; };
		9956E91792B9E6CF308C2C7A /* DesignSystemFormattingTests.swift in Sources */ = {isa = PBXBuildFile; fileRef = 83485AC4A2066EE0D06FE709 /* DesignSystemFormattingTests.swift */; };
		99CDDA79F7CC083B6E9FED58 /* StudentRosterView.swift in Sources */ = {isa = PBXBuildFile; fileRef = 96FCD4F51AF029DE1A1C6C9D /* StudentRosterView.swift */; };
		9B9961D6DB2B3BE1E515B5E9 /* EventKitLessonEventBuilder.swift in Sources */ = {isa = PBXBuildFile; fileRef = 954BC6C4A0920A14AF38C348 /* EventKitLessonEventBuilder.swift */; };
		9C7F78F9326FEA32FF29E372 /* ScheduleValidationTests.swift in Sources */ = {isa = PBXBuildFile; fileRef = 5AC16113C0F83582AEB316B6 /* ScheduleValidationTests.swift */; };
		9DFC0BB702F0CDE89385D76F /* DashboardViewModel.swift in Sources */ = {isa = PBXBuildFile; fileRef = 388F05A058E7BAA1E1045C24 /* DashboardViewModel.swift */; };
		A115898A714D67897131D7F9 /* StatusBadge.swift in Sources */ = {isa = PBXBuildFile; fileRef = D0A70FFC60ACC5DD86654ACC /* StatusBadge.swift */; };
		A11C8FC1E3EB81DB8CD88F50 /* CalendarSyncCoordinator.swift in Sources */ = {isa = PBXBuildFile; fileRef = 1F271AF7C2225F5DF70B5BCD /* CalendarSyncCoordinator.swift */; };
		A6648724276FBA9C12F702E4 /* EventKitPermissionState.swift in Sources */ = {isa = PBXBuildFile; fileRef = 036346372D86A6FE6AEF95D0 /* EventKitPermissionState.swift */; };
		AA3F457896C275C0CAA276A6 /* AppEnvironment.swift in Sources */ = {isa = PBXBuildFile; fileRef = 509494A9469EAD129208BFC4 /* AppEnvironment.swift */; };
		AA658E1CA3E10719EEE4B02C /* AppTheme.swift in Sources */ = {isa = PBXBuildFile; fileRef = D25B5EA96B3F8CE3D8818DEC /* AppTheme.swift */; };
		AE433E56BA85013237143102 /* LocalDataResetController.swift in Sources */ = {isa = PBXBuildFile; fileRef = 5D425A7B63209E662D82EF30 /* LocalDataResetController.swift */; };
		B19441F9082991805C209E13 /* RootView.swift in Sources */ = {isa = PBXBuildFile; fileRef = 20714602FE2A82B8EB0EC358 /* RootView.swift */; };
		B1A34C3A195B469EAB5CA565 /* DataResetConfirmationSheet.swift in Sources */ = {isa = PBXBuildFile; fileRef = A36AE42AF1B3CBADE645D9DB /* DataResetConfirmationSheet.swift */; };
		B3E826D2DAC9CB1E793D11F3 /* TodayLessonListView.swift in Sources */ = {isa = PBXBuildFile; fileRef = FAD1B3D3719B1F7F7EC35BC4 /* TodayLessonListView.swift */; };
		C0BFFC1703670C762E2BE816 /* StudentDetailViewModel.swift in Sources */ = {isa = PBXBuildFile; fileRef = 970DA0F94F3435D620F3B7D4 /* StudentDetailViewModel.swift */; };
		C9E497811AA9C625DF693D23 /* LocalSQLiteRepository.swift in Sources */ = {isa = PBXBuildFile; fileRef = 41469A6F4C76457E465260C3 /* LocalSQLiteRepository.swift */; };
		CC509737741C5830E2C5D4B3 /* RetrySchedulerTests.swift in Sources */ = {isa = PBXBuildFile; fileRef = 7493E6F6687763C4C831D660 /* RetrySchedulerTests.swift */; };
		D8E8796BED66B64BDC453703 /* ReadModelMappers.swift in Sources */ = {isa = PBXBuildFile; fileRef = B1F25F9FAF33FDA77ABAAF8D /* ReadModelMappers.swift */; };
		D9B431DA3B567028BAAAA659 /* CalendarSyncCoordinatorTests.swift in Sources */ = {isa = PBXBuildFile; fileRef = 512D76E22A3B046E3CA69E95 /* CalendarSyncCoordinatorTests.swift */; };
		DAE9B065F8564B1E9C8ED234 /* TuitionViewModel.swift in Sources */ = {isa = PBXBuildFile; fileRef = 074B3E1CA3B102A8E87DEA64 /* TuitionViewModel.swift */; };
		DDE73F52B75449A9AE3F317F /* LessonEventInteractions.swift in Sources */ = {isa = PBXBuildFile; fileRef = 76D7B53555CAFFA147F4D852 /* LessonEventInteractions.swift */; };
		DE4C0E7A920492AE3417CBB4 /* DomainModels.swift in Sources */ = {isa = PBXBuildFile; fileRef = 3E0B6E755A19F45DEB135439 /* DomainModels.swift */; };
		E1238B125B985989F9D6F0CD /* LessonEventCard.swift in Sources */ = {isa = PBXBuildFile; fileRef = 5D32CCCB1E0220389C1A005F /* LessonEventCard.swift */; };
		E2D83115AC62F9AF33C05A41 /* StudentDetailTabs.swift in Sources */ = {isa = PBXBuildFile; fileRef = FBBE168991B3F317C676F8AB /* StudentDetailTabs.swift */; };
		E40C642CC6CE86DCBBD7F1C6 /* SyncStatusView.swift in Sources */ = {isa = PBXBuildFile; fileRef = 78C05E0CD2AFCFC9C77D5F1F /* SyncStatusView.swift */; };
		EB92C4B2C25369742633221A /* Repositories.swift in Sources */ = {isa = PBXBuildFile; fileRef = 0383699EA030E5FAEBA8A385 /* Repositories.swift */; };
		ED4F05F2177B6C5E30B5CDCC /* EventKitLessonEventBuilderTests.swift in Sources */ = {isa = PBXBuildFile; fileRef = 3CF9DF04426F2B46F7C64F11 /* EventKitLessonEventBuilderTests.swift */; };
		F2DFB0CB0159998A79A31247 /* WeekCalendarView.swift in Sources */ = {isa = PBXBuildFile; fileRef = 38B9119CACA9BEFEB76ABC1E /* WeekCalendarView.swift */; };
		F6D3155D95AFDAF957B7F840 /* ReadModelParityTests.swift in Sources */ = {isa = PBXBuildFile; fileRef = 9FBF1832AD449385A0C100F1 /* ReadModelParityTests.swift */; };
		F7704A436ED1983D8ACF6BC3 /* LocalWriteQueueTests.swift in Sources */ = {isa = PBXBuildFile; fileRef = 6DED7AE1800DC534736F68EF /* LocalWriteQueueTests.swift */; };
		FA5FBD9B18EE220D89A2914F /* StudentRosterQueryTests.swift in Sources */ = {isa = PBXBuildFile; fileRef = D624017A64A6584944C681B9 /* StudentRosterQueryTests.swift */; };
/* End PBXBuildFile section */

/* Begin PBXContainerItemProxy section */
		A6A8B36D4450977611E56A1B /* PBXContainerItemProxy */ = {
			isa = PBXContainerItemProxy;
			containerPortal = 29786DABFC4E717964AA57A2 /* Project object */;
			proxyType = 1;
			remoteGlobalIDString = DEBD451506B565F0AB99557E;
			remoteInfo = DrumLessonOS;
		};
/* End PBXContainerItemProxy section */

/* Begin PBXFileReference section */
		036346372D86A6FE6AEF95D0 /* EventKitPermissionState.swift */ = {isa = PBXFileReference; lastKnownFileType = sourcecode.swift; path = EventKitPermissionState.swift; sourceTree = "<group>"; };
		0383699EA030E5FAEBA8A385 /* Repositories.swift */ = {isa = PBXFileReference; lastKnownFileType = sourcecode.swift; path = Repositories.swift; sourceTree = "<group>"; };
		074B3E1CA3B102A8E87DEA64 /* TuitionViewModel.swift */ = {isa = PBXFileReference; lastKnownFileType = sourcecode.swift; path = TuitionViewModel.swift; sourceTree = "<group>"; };
		158F6D929C372373F2607708 /* DomainModelDecodingTests.swift */ = {isa = PBXFileReference; lastKnownFileType = sourcecode.swift; path = DomainModelDecodingTests.swift; sourceTree = "<group>"; };
		1AA1419967799EFBFA2310EA /* ReadModels.swift */ = {isa = PBXFileReference; lastKnownFileType = sourcecode.swift; path = ReadModels.swift; sourceTree = "<group>"; };
		1F271AF7C2225F5DF70B5BCD /* CalendarSyncCoordinator.swift */ = {isa = PBXFileReference; lastKnownFileType = sourcecode.swift; path = CalendarSyncCoordinator.swift; sourceTree = "<group>"; };
		20714602FE2A82B8EB0EC358 /* RootView.swift */ = {isa = PBXFileReference; lastKnownFileType = sourcecode.swift; path = RootView.swift; sourceTree = "<group>"; };
		250EFE5D266F726DFB765349 /* WeeklyOccurrenceExpander.swift */ = {isa = PBXFileReference; lastKnownFileType = sourcecode.swift; path = WeeklyOccurrenceExpander.swift; sourceTree = "<group>"; };
		27C7B7872E0F8CE9A08C521C /* LocalSQLiteRepositoryTests.swift */ = {isa = PBXFileReference; lastKnownFileType = sourcecode.swift; path = LocalSQLiteRepositoryTests.swift; sourceTree = "<group>"; };
		2FDB97934D7B1E5A2017168E /* LocalAppEnvironmentTests.swift */ = {isa = PBXFileReference; lastKnownFileType = sourcecode.swift; path = LocalAppEnvironmentTests.swift; sourceTree = "<group>"; };
		31B1C05BC7ACFEC3D282156F /* DrumLessonOS.entitlements */ = {isa = PBXFileReference; lastKnownFileType = text.plist.entitlements; path = DrumLessonOS.entitlements; sourceTree = "<group>"; };
		351651184A98861AC4B8511F /* LessonSummaryFormatter.swift */ = {isa = PBXFileReference; lastKnownFileType = sourcecode.swift; path = LessonSummaryFormatter.swift; sourceTree = "<group>"; };
		388F05A058E7BAA1E1045C24 /* DashboardViewModel.swift */ = {isa = PBXFileReference; lastKnownFileType = sourcecode.swift; path = DashboardViewModel.swift; sourceTree = "<group>"; };
		38B9119CACA9BEFEB76ABC1E /* WeekCalendarView.swift */ = {isa = PBXFileReference; lastKnownFileType = sourcecode.swift; path = WeekCalendarView.swift; sourceTree = "<group>"; };
		3CF9DF04426F2B46F7C64F11 /* EventKitLessonEventBuilderTests.swift */ = {isa = PBXFileReference; lastKnownFileType = sourcecode.swift; path = EventKitLessonEventBuilderTests.swift; sourceTree = "<group>"; };
		3DC0E0C7FD5C1A01341C9F42 /* LocalDataResetControllerTests.swift */ = {isa = PBXFileReference; lastKnownFileType = sourcecode.swift; path = LocalDataResetControllerTests.swift; sourceTree = "<group>"; };
		3E0B6E755A19F45DEB135439 /* DomainModels.swift */ = {isa = PBXFileReference; lastKnownFileType = sourcecode.swift; path = DomainModels.swift; sourceTree = "<group>"; };
		41469A6F4C76457E465260C3 /* LocalSQLiteRepository.swift */ = {isa = PBXFileReference; lastKnownFileType = sourcecode.swift; path = LocalSQLiteRepository.swift; sourceTree = "<group>"; };
		431018D64DE0CF883ABA0346 /* LessonFlowWorkspace.swift */ = {isa = PBXFileReference; lastKnownFileType = sourcecode.swift; path = LessonFlowWorkspace.swift; sourceTree = "<group>"; };
		4B28333CD98BA140B35B7A03 /* AutomaticBackupControllerTests.swift */ = {isa = PBXFileReference; lastKnownFileType = sourcecode.swift; path = AutomaticBackupControllerTests.swift; sourceTree = "<group>"; };
		4D27E12904350D5A301566D1 /* StudentDetailEditorPanel.swift */ = {isa = PBXFileReference; lastKnownFileType = sourcecode.swift; path = StudentDetailEditorPanel.swift; sourceTree = "<group>"; };
		4D53FC4F20ED8D2F0E86F642 /* StudentEditingValidationTests.swift */ = {isa = PBXFileReference; lastKnownFileType = sourcecode.swift; path = StudentEditingValidationTests.swift; sourceTree = "<group>"; };
		509494A9469EAD129208BFC4 /* AppEnvironment.swift */ = {isa = PBXFileReference; lastKnownFileType = sourcecode.swift; path = AppEnvironment.swift; sourceTree = "<group>"; };
		512D76E22A3B046E3CA69E95 /* CalendarSyncCoordinatorTests.swift */ = {isa = PBXFileReference; lastKnownFileType = sourcecode.swift; path = CalendarSyncCoordinatorTests.swift; sourceTree = "<group>"; };
		522BC11979E5B18606B3C3C6 /* StudentHeaderView.swift */ = {isa = PBXFileReference; lastKnownFileType = sourcecode.swift; path = StudentHeaderView.swift; sourceTree = "<group>"; };
		5A025F718CD1B847E31604D3 /* AddStudentSheet.swift */ = {isa = PBXFileReference; lastKnownFileType = sourcecode.swift; path = AddStudentSheet.swift; sourceTree = "<group>"; };
		5AC16113C0F83582AEB316B6 /* ScheduleValidationTests.swift */ = {isa = PBXFileReference; lastKnownFileType = sourcecode.swift; path = ScheduleValidationTests.swift; sourceTree = "<group>"; };
		5CE388B7589DC012ED74D822 /* LessonSummaryFormatterTests.swift */ = {isa = PBXFileReference; lastKnownFileType = sourcecode.swift; path = LessonSummaryFormatterTests.swift; sourceTree = "<group>"; };
		5D32CCCB1E0220389C1A005F /* LessonEventCard.swift */ = {isa = PBXFileReference; lastKnownFileType = sourcecode.swift; path = LessonEventCard.swift; sourceTree = "<group>"; };
		5D425A7B63209E662D82EF30 /* LocalDataResetController.swift */ = {isa = PBXFileReference; lastKnownFileType = sourcecode.swift; path = LocalDataResetController.swift; sourceTree = "<group>"; };
		669AB6F7F0C77E4038FB1024 /* ScheduleLessonSheet.swift */ = {isa = PBXFileReference; lastKnownFileType = sourcecode.swift; path = ScheduleLessonSheet.swift; sourceTree = "<group>"; };
		67AF3B3638FF6FB6549F9047 /* NativeSmokeTests.swift */ = {isa = PBXFileReference; lastKnownFileType = sourcecode.swift; path = NativeSmokeTests.swift; sourceTree = "<group>"; };
		67F8605E5E26E1FD95C809F9 /* WeeklyOccurrenceExpanderTests.swift */ = {isa = PBXFileReference; lastKnownFileType = sourcecode.swift; path = WeeklyOccurrenceExpanderTests.swift; sourceTree = "<group>"; };
		6CF6A045E6FE055F046781A3 /* AppRoute.swift */ = {isa = PBXFileReference; lastKnownFileType = sourcecode.swift; path = AppRoute.swift; sourceTree = "<group>"; };
		6DED7AE1800DC534736F68EF /* LocalWriteQueueTests.swift */ = {isa = PBXFileReference; lastKnownFileType = sourcecode.swift; path = LocalWriteQueueTests.swift; sourceTree = "<group>"; };
		7493E6F6687763C4C831D660 /* RetrySchedulerTests.swift */ = {isa = PBXFileReference; lastKnownFileType = sourcecode.swift; path = RetrySchedulerTests.swift; sourceTree = "<group>"; };
		76D7B53555CAFFA147F4D852 /* LessonEventInteractions.swift */ = {isa = PBXFileReference; lastKnownFileType = sourcecode.swift; path = LessonEventInteractions.swift; sourceTree = "<group>"; };
		7858863A339C5EF1BCBE16F1 /* CalendarSettingsView.swift */ = {isa = PBXFileReference; lastKnownFileType = sourcecode.swift; path = CalendarSettingsView.swift; sourceTree = "<group>"; };
		78C05E0CD2AFCFC9C77D5F1F /* SyncStatusView.swift */ = {isa = PBXFileReference; lastKnownFileType = sourcecode.swift; path = SyncStatusView.swift; sourceTree = "<group>"; };
		7AAA3A76FF6AB35BC7BD1749 /* TuitionView.swift */ = {isa = PBXFileReference; lastKnownFileType = sourcecode.swift; path = TuitionView.swift; sourceTree = "<group>"; };
		7E8B99AE703F49CAA3C9BE12 /* LocalDataBackupController.swift */ = {isa = PBXFileReference; lastKnownFileType = sourcecode.swift; path = LocalDataBackupController.swift; sourceTree = "<group>"; };
		801D89AF116C157E51C0F3C1 /* SettingsView.swift */ = {isa = PBXFileReference; lastKnownFileType = sourcecode.swift; path = SettingsView.swift; sourceTree = "<group>"; };
		80F789B725B9E9D0F0FE451D /* TuitionRepositoryTests.swift */ = {isa = PBXFileReference; lastKnownFileType = sourcecode.swift; path = TuitionRepositoryTests.swift; sourceTree = "<group>"; };
		83485AC4A2066EE0D06FE709 /* DesignSystemFormattingTests.swift */ = {isa = PBXFileReference; lastKnownFileType = sourcecode.swift; path = DesignSystemFormattingTests.swift; sourceTree = "<group>"; };
		839864D16A3484DCEF8E2AF8 /* DrumLessonOS.app */ = {isa = PBXFileReference; explicitFileType = wrapper.application; includeInIndex = 0; path = DrumLessonOS.app; sourceTree = BUILT_PRODUCTS_DIR; };
		83B5B56041862DC329EF12EE /* StudentDetailView.swift */ = {isa = PBXFileReference; lastKnownFileType = sourcecode.swift; path = StudentDetailView.swift; sourceTree = "<group>"; };
		93377E3497500B00D5DA19C2 /* TuitionRepository.swift */ = {isa = PBXFileReference; lastKnownFileType = sourcecode.swift; path = TuitionRepository.swift; sourceTree = "<group>"; };
		954BC6C4A0920A14AF38C348 /* EventKitLessonEventBuilder.swift */ = {isa = PBXFileReference; lastKnownFileType = sourcecode.swift; path = EventKitLessonEventBuilder.swift; sourceTree = "<group>"; };
		96FCD4F51AF029DE1A1C6C9D /* StudentRosterView.swift */ = {isa = PBXFileReference; lastKnownFileType = sourcecode.swift; path = StudentRosterView.swift; sourceTree = "<group>"; };
		970DA0F94F3435D620F3B7D4 /* StudentDetailViewModel.swift */ = {isa = PBXFileReference; lastKnownFileType = sourcecode.swift; path = StudentDetailViewModel.swift; sourceTree = "<group>"; };
		9FBF1832AD449385A0C100F1 /* ReadModelParityTests.swift */ = {isa = PBXFileReference; lastKnownFileType = sourcecode.swift; path = ReadModelParityTests.swift; sourceTree = "<group>"; };
		A36AE42AF1B3CBADE645D9DB /* DataResetConfirmationSheet.swift */ = {isa = PBXFileReference; lastKnownFileType = sourcecode.swift; path = DataResetConfirmationSheet.swift; sourceTree = "<group>"; };
		A444005149FC4BA8B854CCFD /* Info.plist */ = {isa = PBXFileReference; lastKnownFileType = text.plist; path = Info.plist; sourceTree = "<group>"; };
		A667F6682D48A592521C7F92 /* libsqlite3.tbd */ = {isa = PBXFileReference; lastKnownFileType = "sourcecode.text-based-dylib-definition"; name = libsqlite3.tbd; path = usr/lib/libsqlite3.tbd; sourceTree = SDKROOT; };
		A9678B250F29C45D81C24581 /* LocalWriteQueue.swift */ = {isa = PBXFileReference; lastKnownFileType = sourcecode.swift; path = LocalWriteQueue.swift; sourceTree = "<group>"; };
		AC05CF996AED8A5427C42D46 /* DrumLessonOSApp.swift */ = {isa = PBXFileReference; lastKnownFileType = sourcecode.swift; path = DrumLessonOSApp.swift; sourceTree = "<group>"; };
		B1F25F9FAF33FDA77ABAAF8D /* ReadModelMappers.swift */ = {isa = PBXFileReference; lastKnownFileType = sourcecode.swift; path = ReadModelMappers.swift; sourceTree = "<group>"; };
		B854AA8E4AB5530E09131382 /* DashboardViewModelTests.swift */ = {isa = PBXFileReference; lastKnownFileType = sourcecode.swift; path = DashboardViewModelTests.swift; sourceTree = "<group>"; };
		B914D8006C5A6DF2C6592244 /* RetryScheduler.swift */ = {isa = PBXFileReference; lastKnownFileType = sourcecode.swift; path = RetryScheduler.swift; sourceTree = "<group>"; };
		BA33C20455A655A9322F1002 /* DrumLessonOSTests.xctest */ = {isa = PBXFileReference; explicitFileType = wrapper.cfbundle; includeInIndex = 0; path = DrumLessonOSTests.xctest; sourceTree = BUILT_PRODUCTS_DIR; };
		BFC8AFBFA9095C64936B2254 /* DashboardView.swift */ = {isa = PBXFileReference; lastKnownFileType = sourcecode.swift; path = DashboardView.swift; sourceTree = "<group>"; };
		C31D9AD37139204AB86D8DDC /* SelectedLessonPanel.swift */ = {isa = PBXFileReference; lastKnownFileType = sourcecode.swift; path = SelectedLessonPanel.swift; sourceTree = "<group>"; };
		C42C0F0EEC22933F4459F5AC /* ScheduleConflictDetectorTests.swift */ = {isa = PBXFileReference; lastKnownFileType = sourcecode.swift; path = ScheduleConflictDetectorTests.swift; sourceTree = "<group>"; };
		C70800F76B7F073C6338204B /* Assets.xcassets */ = {isa = PBXFileReference; lastKnownFileType = folder.assetcatalog; path = Assets.xcassets; sourceTree = "<group>"; };
		CA3866C6F5CD92653A84FFC6 /* ScheduleConflictDetector.swift */ = {isa = PBXFileReference; lastKnownFileType = sourcecode.swift; path = ScheduleConflictDetector.swift; sourceTree = "<group>"; };
		CD3F39CD424290E9A79CCC6C /* StudentEditingValidation.swift */ = {isa = PBXFileReference; lastKnownFileType = sourcecode.swift; path = StudentEditingValidation.swift; sourceTree = "<group>"; };
		CDC25BE7C7567B3E133873F8 /* EventKitCalendarRepository.swift */ = {isa = PBXFileReference; lastKnownFileType = sourcecode.swift; path = EventKitCalendarRepository.swift; sourceTree = "<group>"; };
		D0A70FFC60ACC5DD86654ACC /* StatusBadge.swift */ = {isa = PBXFileReference; lastKnownFileType = sourcecode.swift; path = StatusBadge.swift; sourceTree = "<group>"; };
		D25B5EA96B3F8CE3D8818DEC /* AppTheme.swift */ = {isa = PBXFileReference; lastKnownFileType = sourcecode.swift; path = AppTheme.swift; sourceTree = "<group>"; };
		D624017A64A6584944C681B9 /* StudentRosterQueryTests.swift */ = {isa = PBXFileReference; lastKnownFileType = sourcecode.swift; path = StudentRosterQueryTests.swift; sourceTree = "<group>"; };
		D7D36362FFE27031BEF683B5 /* TuitionValidation.swift */ = {isa = PBXFileReference; lastKnownFileType = sourcecode.swift; path = TuitionValidation.swift; sourceTree = "<group>"; };
		E05C5EC8B7BBFD2258218BE2 /* TuitionModels.swift */ = {isa = PBXFileReference; lastKnownFileType = sourcecode.swift; path = TuitionModels.swift; sourceTree = "<group>"; };
		EAB5B981CF22A6BB3E646B76 /* AppStartupState.swift */ = {isa = PBXFileReference; lastKnownFileType = sourcecode.swift; path = AppStartupState.swift; sourceTree = "<group>"; };
		EAC128167076B6FBE7E98312 /* LessonDateFormatters.swift */ = {isa = PBXFileReference; lastKnownFileType = sourcecode.swift; path = LessonDateFormatters.swift; sourceTree = "<group>"; };
		ECBE277FA90649F42F91B1BA /* CalendarView.swift */ = {isa = PBXFileReference; lastKnownFileType = sourcecode.swift; path = CalendarView.swift; sourceTree = "<group>"; };
		EFACADE36985DE4C6C4ED788 /* ScheduleValidation.swift */ = {isa = PBXFileReference; lastKnownFileType = sourcecode.swift; path = ScheduleValidation.swift; sourceTree = "<group>"; };
		F10784E89996AF4D86EAA11B /* PreviewRepository.swift */ = {isa = PBXFileReference; lastKnownFileType = sourcecode.swift; path = PreviewRepository.swift; sourceTree = "<group>"; };
		FAD1B3D3719B1F7F7EC35BC4 /* TodayLessonListView.swift */ = {isa = PBXFileReference; lastKnownFileType = sourcecode.swift; path = TodayLessonListView.swift; sourceTree = "<group>"; };
		FBBE168991B3F317C676F8AB /* StudentDetailTabs.swift */ = {isa = PBXFileReference; lastKnownFileType = sourcecode.swift; path = StudentDetailTabs.swift; sourceTree = "<group>"; };
/* End PBXFileReference section */

/* Begin PBXFrameworksBuildPhase section */
		85F648BA9229B5E3117AA856 /* Frameworks */ = {
			isa = PBXFrameworksBuildPhase;
			buildActionMask = 2147483647;
			files = (
				2848960009D987E710FF4173 /* libsqlite3.tbd in Frameworks */,
			);
			runOnlyForDeploymentPostprocessing = 0;
		};
/* End PBXFrameworksBuildPhase section */

/* Begin PBXGroup section */
		0CE77A8D35D29BE013DA9E21 /* Persistence */ = {
			isa = PBXGroup;
			children = (
				4B28333CD98BA140B35B7A03 /* AutomaticBackupControllerTests.swift */,
				3DC0E0C7FD5C1A01341C9F42 /* LocalDataResetControllerTests.swift */,
				6DED7AE1800DC534736F68EF /* LocalWriteQueueTests.swift */,
			);
			path = Persistence;
			sourceTree = "<group>";
		};
		13296B8CF680D0064F020423 /* App */ = {
			isa = PBXGroup;
			children = (
				2FDB97934D7B1E5A2017168E /* LocalAppEnvironmentTests.swift */,
				67AF3B3638FF6FB6549F9047 /* NativeSmokeTests.swift */,
			);
			path = App;
			sourceTree = "<group>";
		};
		216517632F74651DFBAF03D0 /* ReadModels */ = {
			isa = PBXGroup;
			children = (
				351651184A98861AC4B8511F /* LessonSummaryFormatter.swift */,
				B1F25F9FAF33FDA77ABAAF8D /* ReadModelMappers.swift */,
				1AA1419967799EFBFA2310EA /* ReadModels.swift */,
				CA3866C6F5CD92653A84FFC6 /* ScheduleConflictDetector.swift */,
				250EFE5D266F726DFB765349 /* WeeklyOccurrenceExpander.swift */,
			);
			path = ReadModels;
			sourceTree = "<group>";
		};
		21A20395FA90BE48BED1C477 /* DrumLessonOSTests */ = {
			isa = PBXGroup;
			children = (
				13296B8CF680D0064F020423 /* App */,
				B3C517BD54AE2D9DD5C27C96 /* Data */,
				549F9FB4AF44FC57FC41324E /* DesignSystem */,
				2B89AF525DE8E7E4B17BED32 /* Domain */,
				C080A5EC4F75E6342999BC2C /* Features */,
			);
			path = DrumLessonOSTests;
			sourceTree = "<group>";
		};
		29802EE2EBA9EEBA953C0A16 /* Dashboard */ = {
			isa = PBXGroup;
			children = (
				B854AA8E4AB5530E09131382 /* DashboardViewModelTests.swift */,
			);
			path = Dashboard;
			sourceTree = "<group>";
		};
		2AAAC2A72FA46C4E4EE9A214 /* Tokens */ = {
			isa = PBXGroup;
			children = (
				D25B5EA96B3F8CE3D8818DEC /* AppTheme.swift */,
			);
			path = Tokens;
			sourceTree = "<group>";
		};
		2B89AF525DE8E7E4B17BED32 /* Domain */ = {
			isa = PBXGroup;
			children = (
				DD3164DE818B1B2870153AF1 /* Models */,
				502C538A903B370576E13A5D /* ReadModels */,
				3A6CC4C9BA699B9CFE1B435F /* Validation */,
			);
			path = Domain;
			sourceTree = "<group>";
		};
		2FEB71B98C9768E891085DC7 /* Formatters */ = {
			isa = PBXGroup;
			children = (
				EAC128167076B6FBE7E98312 /* LessonDateFormatters.swift */,
			);
			path = Formatters;
			sourceTree = "<group>";
		};
		3476AB34252ABB5638128D97 /* Repositories */ = {
			isa = PBXGroup;
			children = (
				0383699EA030E5FAEBA8A385 /* Repositories.swift */,
				93377E3497500B00D5DA19C2 /* TuitionRepository.swift */,
			);
			path = Repositories;
			sourceTree = "<group>";
		};
		3A6CC4C9BA699B9CFE1B435F /* Validation */ = {
			isa = PBXGroup;
			children = (
				5AC16113C0F83582AEB316B6 /* ScheduleValidationTests.swift */,
				4D53FC4F20ED8D2F0E86F642 /* StudentEditingValidationTests.swift */,
			);
			path = Validation;
			sourceTree = "<group>";
		};
		502C538A903B370576E13A5D /* ReadModels */ = {
			isa = PBXGroup;
			children = (
				5CE388B7589DC012ED74D822 /* LessonSummaryFormatterTests.swift */,
				9FBF1832AD449385A0C100F1 /* ReadModelParityTests.swift */,
				C42C0F0EEC22933F4459F5AC /* ScheduleConflictDetectorTests.swift */,
				67F8605E5E26E1FD95C809F9 /* WeeklyOccurrenceExpanderTests.swift */,
			);
			path = ReadModels;
			sourceTree = "<group>";
		};
		549F9FB4AF44FC57FC41324E /* DesignSystem */ = {
			isa = PBXGroup;
			children = (
				83485AC4A2066EE0D06FE709 /* DesignSystemFormattingTests.swift */,
			);
			path = DesignSystem;
			sourceTree = "<group>";
		};
		587D5B5AAEA224AA0F8D5AEA /* Data */ = {
			isa = PBXGroup;
			children = (
				83E9A9A65F2FDB360AFCE070 /* Calendar */,
				9588D27D34787A96B9EF9140 /* Local */,
				CD44D276A5693D208C0824E6 /* Persistence */,
				7DD666C095CC7CD1A7E26620 /* Preview */,
				A475AE38BE7C3662B4F62D6E /* Sync */,
			);
			path = Data;
			sourceTree = "<group>";
		};
		5C27CDA9FF8D969412DEA7D3 /* Components */ = {
			isa = PBXGroup;
			children = (
				D0A70FFC60ACC5DD86654ACC /* StatusBadge.swift */,
			);
			path = Components;
			sourceTree = "<group>";
		};
		5C6311C3B501C6532DD33FC0 /* Products */ = {
			isa = PBXGroup;
			children = (
				839864D16A3484DCEF8E2AF8 /* DrumLessonOS.app */,
				BA33C20455A655A9322F1002 /* DrumLessonOSTests.xctest */,
			);
			name = Products;
			sourceTree = "<group>";
		};
		71569A98F8C2D78CCA4E92FD /* App */ = {
			isa = PBXGroup;
			children = (
				509494A9469EAD129208BFC4 /* AppEnvironment.swift */,
				6CF6A045E6FE055F046781A3 /* AppRoute.swift */,
				EAB5B981CF22A6BB3E646B76 /* AppStartupState.swift */,
				AC05CF996AED8A5427C42D46 /* DrumLessonOSApp.swift */,
				20714602FE2A82B8EB0EC358 /* RootView.swift */,
			);
			path = App;
			sourceTree = "<group>";
		};
		77C7E0D9FE0A66B2BDCCD290 = {
			isa = PBXGroup;
			children = (
				EBA2D890C403C6D90A790CDA /* DrumLessonOS */,
				21A20395FA90BE48BED1C477 /* DrumLessonOSTests */,
				C8EA1FAB6EFA3966E3F56C96 /* Frameworks */,
				5C6311C3B501C6532DD33FC0 /* Products */,
			);
			sourceTree = "<group>";
		};
		7DD666C095CC7CD1A7E26620 /* Preview */ = {
			isa = PBXGroup;
			children = (
				F10784E89996AF4D86EAA11B /* PreviewRepository.swift */,
			);
			path = Preview;
			sourceTree = "<group>";
		};
		82443F18FAC1F6854F3E5830 /* Calendar */ = {
			isa = PBXGroup;
			children = (
				512D76E22A3B046E3CA69E95 /* CalendarSyncCoordinatorTests.swift */,
				3CF9DF04426F2B46F7C64F11 /* EventKitLessonEventBuilderTests.swift */,
			);
			path = Calendar;
			sourceTree = "<group>";
		};
		83E9A9A65F2FDB360AFCE070 /* Calendar */ = {
			isa = PBXGroup;
			children = (
				CDC25BE7C7567B3E133873F8 /* EventKitCalendarRepository.swift */,
				954BC6C4A0920A14AF38C348 /* EventKitLessonEventBuilder.swift */,
				036346372D86A6FE6AEF95D0 /* EventKitPermissionState.swift */,
			);
			path = Calendar;
			sourceTree = "<group>";
		};
		8DB7EAC6E81FFF1F6CA36825 /* Resources */ = {
			isa = PBXGroup;
			children = (
				C70800F76B7F073C6338204B /* Assets.xcassets */,
			);
			path = Resources;
			sourceTree = "<group>";
		};
		9588D27D34787A96B9EF9140 /* Local */ = {
			isa = PBXGroup;
			children = (
				41469A6F4C76457E465260C3 /* LocalSQLiteRepository.swift */,
			);
			path = Local;
			sourceTree = "<group>";
		};
		A10EB867A72D71E0FE68EB81 /* DesignSystem */ = {
			isa = PBXGroup;
			children = (
				5C27CDA9FF8D969412DEA7D3 /* Components */,
				2FEB71B98C9768E891085DC7 /* Formatters */,
				2AAAC2A72FA46C4E4EE9A214 /* Tokens */,
			);
			path = DesignSystem;
			sourceTree = "<group>";
		};
		A44A8073DCDFA69D01A70844 /* Validation */ = {
			isa = PBXGroup;
			children = (
				EFACADE36985DE4C6C4ED788 /* ScheduleValidation.swift */,
				CD3F39CD424290E9A79CCC6C /* StudentEditingValidation.swift */,
				D7D36362FFE27031BEF683B5 /* TuitionValidation.swift */,
			);
			path = Validation;
			sourceTree = "<group>";
		};
		A475AE38BE7C3662B4F62D6E /* Sync */ = {
			isa = PBXGroup;
			children = (
				1F271AF7C2225F5DF70B5BCD /* CalendarSyncCoordinator.swift */,
				B914D8006C5A6DF2C6592244 /* RetryScheduler.swift */,
			);
			path = Sync;
			sourceTree = "<group>";
		};
		A8A1105EFCBD5C4C076C63D8 /* Students */ = {
			isa = PBXGroup;
			children = (
				D624017A64A6584944C681B9 /* StudentRosterQueryTests.swift */,
			);
			path = Students;
			sourceTree = "<group>";
		};
		ABC195958DAFD0747057F59C /* Models */ = {
			isa = PBXGroup;
			children = (
				3E0B6E755A19F45DEB135439 /* DomainModels.swift */,
				E05C5EC8B7BBFD2258218BE2 /* TuitionModels.swift */,
			);
			path = Models;
			sourceTree = "<group>";
		};
		B1FFBADAC98E42164AEF28D4 /* Settings */ = {
			isa = PBXGroup;
			children = (
				7858863A339C5EF1BCBE16F1 /* CalendarSettingsView.swift */,
				A36AE42AF1B3CBADE645D9DB /* DataResetConfirmationSheet.swift */,
				801D89AF116C157E51C0F3C1 /* SettingsView.swift */,
				78C05E0CD2AFCFC9C77D5F1F /* SyncStatusView.swift */,
			);
			path = Settings;
			sourceTree = "<group>";
		};
		B37FD5C2F76563C9AAE78030 /* Local */ = {
			isa = PBXGroup;
			children = (
				27C7B7872E0F8CE9A08C521C /* LocalSQLiteRepositoryTests.swift */,
			);
			path = Local;
			sourceTree = "<group>";
		};
		B3C517BD54AE2D9DD5C27C96 /* Data */ = {
			isa = PBXGroup;
			children = (
				82443F18FAC1F6854F3E5830 /* Calendar */,
				B37FD5C2F76563C9AAE78030 /* Local */,
				0CE77A8D35D29BE013DA9E21 /* Persistence */,
				D42E77E899B5879648ED2E9B /* Sync */,
			);
			path = Data;
			sourceTree = "<group>";
		};
		B7A70DDF76FD072CD1D79300 /* Features */ = {
			isa = PBXGroup;
			children = (
				E9BA0BA22968E6A88C030758 /* Dashboard */,
				D2F7EED8C71AF664C8265292 /* LessonFlow */,
				EF50AD70E58533C2C262CCB6 /* Scheduling */,
				B1FFBADAC98E42164AEF28D4 /* Settings */,
				FC282BF873B44E5B81A01B19 /* Students */,
				D4AB07C8CE3DC3C814F5FF26 /* Tuition */,
			);
			path = Features;
			sourceTree = "<group>";
		};
		C080A5EC4F75E6342999BC2C /* Features */ = {
			isa = PBXGroup;
			children = (
				29802EE2EBA9EEBA953C0A16 /* Dashboard */,
				A8A1105EFCBD5C4C076C63D8 /* Students */,
				C24B8B64F621B7A9D2B33512 /* Tuition */,
			);
			path = Features;
			sourceTree = "<group>";
		};
		C24B8B64F621B7A9D2B33512 /* Tuition */ = {
			isa = PBXGroup;
			children = (
				80F789B725B9E9D0F0FE451D /* TuitionRepositoryTests.swift */,
			);
			path = Tuition;
			sourceTree = "<group>";
		};
		C8EA1FAB6EFA3966E3F56C96 /* Frameworks */ = {
			isa = PBXGroup;
			children = (
				A667F6682D48A592521C7F92 /* libsqlite3.tbd */,
			);
			name = Frameworks;
			sourceTree = "<group>";
		};
		CD44D276A5693D208C0824E6 /* Persistence */ = {
			isa = PBXGroup;
			children = (
				7E8B99AE703F49CAA3C9BE12 /* LocalDataBackupController.swift */,
				5D425A7B63209E662D82EF30 /* LocalDataResetController.swift */,
				A9678B250F29C45D81C24581 /* LocalWriteQueue.swift */,
			);
			path = Persistence;
			sourceTree = "<group>";
		};
		D2F7EED8C71AF664C8265292 /* LessonFlow */ = {
			isa = PBXGroup;
			children = (
				431018D64DE0CF883ABA0346 /* LessonFlowWorkspace.swift */,
			);
			path = LessonFlow;
			sourceTree = "<group>";
		};
		D42E77E899B5879648ED2E9B /* Sync */ = {
			isa = PBXGroup;
			children = (
				7493E6F6687763C4C831D660 /* RetrySchedulerTests.swift */,
			);
			path = Sync;
			sourceTree = "<group>";
		};
		D4AB07C8CE3DC3C814F5FF26 /* Tuition */ = {
			isa = PBXGroup;
			children = (
				7AAA3A76FF6AB35BC7BD1749 /* TuitionView.swift */,
				074B3E1CA3B102A8E87DEA64 /* TuitionViewModel.swift */,
			);
			path = Tuition;
			sourceTree = "<group>";
		};
		DD3164DE818B1B2870153AF1 /* Models */ = {
			isa = PBXGroup;
			children = (
				158F6D929C372373F2607708 /* DomainModelDecodingTests.swift */,
			);
			path = Models;
			sourceTree = "<group>";
		};
		E9BA0BA22968E6A88C030758 /* Dashboard */ = {
			isa = PBXGroup;
			children = (
				BFC8AFBFA9095C64936B2254 /* DashboardView.swift */,
				388F05A058E7BAA1E1045C24 /* DashboardViewModel.swift */,
				5D32CCCB1E0220389C1A005F /* LessonEventCard.swift */,
				C31D9AD37139204AB86D8DDC /* SelectedLessonPanel.swift */,
				FAD1B3D3719B1F7F7EC35BC4 /* TodayLessonListView.swift */,
				38B9119CACA9BEFEB76ABC1E /* WeekCalendarView.swift */,
			);
			path = Dashboard;
			sourceTree = "<group>";
		};
		EACD22A98F64E12C6FCF1C65 /* Domain */ = {
			isa = PBXGroup;
			children = (
				ABC195958DAFD0747057F59C /* Models */,
				216517632F74651DFBAF03D0 /* ReadModels */,
				3476AB34252ABB5638128D97 /* Repositories */,
				A44A8073DCDFA69D01A70844 /* Validation */,
			);
			path = Domain;
			sourceTree = "<group>";
		};
		EBA2D890C403C6D90A790CDA /* DrumLessonOS */ = {
			isa = PBXGroup;
			children = (
				31B1C05BC7ACFEC3D282156F /* DrumLessonOS.entitlements */,
				A444005149FC4BA8B854CCFD /* Info.plist */,
				71569A98F8C2D78CCA4E92FD /* App */,
				587D5B5AAEA224AA0F8D5AEA /* Data */,
				A10EB867A72D71E0FE68EB81 /* DesignSystem */,
				EACD22A98F64E12C6FCF1C65 /* Domain */,
				B7A70DDF76FD072CD1D79300 /* Features */,
				8DB7EAC6E81FFF1F6CA36825 /* Resources */,
			);
			path = DrumLessonOS;
			sourceTree = "<group>";
		};
		EF50AD70E58533C2C262CCB6 /* Scheduling */ = {
			isa = PBXGroup;
			children = (
				ECBE277FA90649F42F91B1BA /* CalendarView.swift */,
				76D7B53555CAFFA147F4D852 /* LessonEventInteractions.swift */,
				669AB6F7F0C77E4038FB1024 /* ScheduleLessonSheet.swift */,
			);
			path = Scheduling;
			sourceTree = "<group>";
		};
		FC282BF873B44E5B81A01B19 /* Students */ = {
			isa = PBXGroup;
			children = (
				5A025F718CD1B847E31604D3 /* AddStudentSheet.swift */,
				4D27E12904350D5A301566D1 /* StudentDetailEditorPanel.swift */,
				FBBE168991B3F317C676F8AB /* StudentDetailTabs.swift */,
				83B5B56041862DC329EF12EE /* StudentDetailView.swift */,
				970DA0F94F3435D620F3B7D4 /* StudentDetailViewModel.swift */,
				522BC11979E5B18606B3C3C6 /* StudentHeaderView.swift */,
				96FCD4F51AF029DE1A1C6C9D /* StudentRosterView.swift */,
			);
			path = Students;
			sourceTree = "<group>";
		};
/* End PBXGroup section */

/* Begin PBXNativeTarget section */
		AB282BC142D80F23623572CB /* DrumLessonOSTests */ = {
			isa = PBXNativeTarget;
			buildConfigurationList = D15249AA26F6726D8A2E0F8F /* Build configuration list for PBXNativeTarget "DrumLessonOSTests" */;
			buildPhases = (
				CFF8FCA7403D5484E9166E73 /* Sources */,
			);
			buildRules = (
			);
			dependencies = (
				BE24A009E18499DCFF6CDCCA /* PBXTargetDependency */,
			);
			name = DrumLessonOSTests;
			packageProductDependencies = (
			);
			productName = DrumLessonOSTests;
			productReference = BA33C20455A655A9322F1002 /* DrumLessonOSTests.xctest */;
			productType = "com.apple.product-type.bundle.unit-test";
		};
		DEBD451506B565F0AB99557E /* DrumLessonOS */ = {
			isa = PBXNativeTarget;
			buildConfigurationList = 9FD3AB24BE8C0A440FE3A754 /* Build configuration list for PBXNativeTarget "DrumLessonOS" */;
			buildPhases = (
				14417C35AE46FBA8BBEC828C /* Sources */,
				FB7B250D07AEE8A2252EE89B /* Resources */,
				85F648BA9229B5E3117AA856 /* Frameworks */,
			);
			buildRules = (
			);
			dependencies = (
			);
			name = DrumLessonOS;
			packageProductDependencies = (
			);
			productName = DrumLessonOS;
			productReference = 839864D16A3484DCEF8E2AF8 /* DrumLessonOS.app */;
			productType = "com.apple.product-type.application";
		};
/* End PBXNativeTarget section */

/* Begin PBXProject section */
		29786DABFC4E717964AA57A2 /* Project object */ = {
			isa = PBXProject;
			attributes = {
				BuildIndependentTargetsInParallel = YES;
				LastUpgradeCheck = 1430;
				TargetAttributes = {
					AB282BC142D80F23623572CB = {
						DevelopmentTeam = 95P2P242SQ;
						ProvisioningStyle = Automatic;
					};
					DEBD451506B565F0AB99557E = {
						DevelopmentTeam = 95P2P242SQ;
						ProvisioningStyle = Automatic;
					};
				};
			};
			buildConfigurationList = 6BE21CED890FED8869010B5E /* Build configuration list for PBXProject "DrumLessonOS" */;
			developmentRegion = en;
			hasScannedForEncodings = 0;
			knownRegions = (
				Base,
				en,
			);
			mainGroup = 77C7E0D9FE0A66B2BDCCD290;
			minimizedProjectReferenceProxies = 1;
			preferredProjectObjectVersion = 77;
			productRefGroup = 5C6311C3B501C6532DD33FC0 /* Products */;
			projectDirPath = "";
			projectRoot = "";
			targets = (
				DEBD451506B565F0AB99557E /* DrumLessonOS */,
				AB282BC142D80F23623572CB /* DrumLessonOSTests */,
			);
		};
/* End PBXProject section */

/* Begin PBXResourcesBuildPhase section */
		FB7B250D07AEE8A2252EE89B /* Resources */ = {
			isa = PBXResourcesBuildPhase;
			buildActionMask = 2147483647;
			files = (
				9430B666492D4DE6F3783E5D /* Assets.xcassets in Resources */,
			);
			runOnlyForDeploymentPostprocessing = 0;
		};
/* End PBXResourcesBuildPhase section */

/* Begin PBXSourcesBuildPhase section */
		14417C35AE46FBA8BBEC828C /* Sources */ = {
			isa = PBXSourcesBuildPhase;
			buildActionMask = 2147483647;
			files = (
				5C924A3591272E7C7E2766C9 /* AddStudentSheet.swift in Sources */,
				AA3F457896C275C0CAA276A6 /* AppEnvironment.swift in Sources */,
				95A32E4CDE11451EE1700BA1 /* AppRoute.swift in Sources */,
				2A4E1EA3F550A781C546A127 /* AppStartupState.swift in Sources */,
				AA658E1CA3E10719EEE4B02C /* AppTheme.swift in Sources */,
				0097EF4A27F774CFADAE6253 /* CalendarSettingsView.swift in Sources */,
				A11C8FC1E3EB81DB8CD88F50 /* CalendarSyncCoordinator.swift in Sources */,
				5EFCCDE491F4752A56E39C9A /* CalendarView.swift in Sources */,
				92C41848E5CC9442B77CBEDA /* DashboardView.swift in Sources */,
				9DFC0BB702F0CDE89385D76F /* DashboardViewModel.swift in Sources */,
				B1A34C3A195B469EAB5CA565 /* DataResetConfirmationSheet.swift in Sources */,
				DE4C0E7A920492AE3417CBB4 /* DomainModels.swift in Sources */,
				537FD7D45489E87EE09E5870 /* DrumLessonOSApp.swift in Sources */,
				2F1EAA437049B2180389573B /* EventKitCalendarRepository.swift in Sources */,
				9B9961D6DB2B3BE1E515B5E9 /* EventKitLessonEventBuilder.swift in Sources */,
				A6648724276FBA9C12F702E4 /* EventKitPermissionState.swift in Sources */,
				575CFB9D9CC22B23E5452CF3 /* LessonDateFormatters.swift in Sources */,
				E1238B125B985989F9D6F0CD /* LessonEventCard.swift in Sources */,
				DDE73F52B75449A9AE3F317F /* LessonEventInteractions.swift in Sources */,
				60B261204F83E7E236C92319 /* LessonFlowWorkspace.swift in Sources */,
				6665B060280EC682F1E6A672 /* LessonSummaryFormatter.swift in Sources */,
				318772F114B5CE0798599142 /* LocalDataBackupController.swift in Sources */,
				AE433E56BA85013237143102 /* LocalDataResetController.swift in Sources */,
				C9E497811AA9C625DF693D23 /* LocalSQLiteRepository.swift in Sources */,
				43829950600599FC9AB8FC96 /* LocalWriteQueue.swift in Sources */,
				50F9026777250849FCD014C5 /* PreviewRepository.swift in Sources */,
				D8E8796BED66B64BDC453703 /* ReadModelMappers.swift in Sources */,
				67FD045F8DC13E5D7D3C90E3 /* ReadModels.swift in Sources */,
				EB92C4B2C25369742633221A /* Repositories.swift in Sources */,
				747487C76452CF257974AE4F /* RetryScheduler.swift in Sources */,
				B19441F9082991805C209E13 /* RootView.swift in Sources */,
				0A49C5176260AD4AA7DD7979 /* ScheduleConflictDetector.swift in Sources */,
				1EAF431A8C992C96A2B7E52A /* ScheduleLessonSheet.swift in Sources */,
				15E55E8FC6380BC7BABA937E /* ScheduleValidation.swift in Sources */,
				6BEA1EA343BCFD2E9347750D /* SelectedLessonPanel.swift in Sources */,
				18272C013F8E257324077373 /* SettingsView.swift in Sources */,
				A115898A714D67897131D7F9 /* StatusBadge.swift in Sources */,
				4C2053064A9E8FC334EB1AB8 /* StudentDetailEditorPanel.swift in Sources */,
				E2D83115AC62F9AF33C05A41 /* StudentDetailTabs.swift in Sources */,
				08EC033C93BAFEDD18904695 /* StudentDetailView.swift in Sources */,
				C0BFFC1703670C762E2BE816 /* StudentDetailViewModel.swift in Sources */,
				077CE1CC828C4E5E03151E25 /* StudentEditingValidation.swift in Sources */,
				5483CC73EC2CECEBEA78F546 /* StudentHeaderView.swift in Sources */,
				99CDDA79F7CC083B6E9FED58 /* StudentRosterView.swift in Sources */,
				E40C642CC6CE86DCBBD7F1C6 /* SyncStatusView.swift in Sources */,
				B3E826D2DAC9CB1E793D11F3 /* TodayLessonListView.swift in Sources */,
				75134CF0DD7156DC812799F4 /* TuitionModels.swift in Sources */,
				71BF4EBA7C026C2D8A4D4C65 /* TuitionRepository.swift in Sources */,
				45A5292DCB68D5293720CF6A /* TuitionValidation.swift in Sources */,
				05F4D2A8F8009301C7BAAD97 /* TuitionView.swift in Sources */,
				DAE9B065F8564B1E9C8ED234 /* TuitionViewModel.swift in Sources */,
				F2DFB0CB0159998A79A31247 /* WeekCalendarView.swift in Sources */,
				7C567DA1408984A60F4F6D41 /* WeeklyOccurrenceExpander.swift in Sources */,
			);
			runOnlyForDeploymentPostprocessing = 0;
		};
		CFF8FCA7403D5484E9166E73 /* Sources */ = {
			isa = PBXSourcesBuildPhase;
			buildActionMask = 2147483647;
			files = (
				1DA6C51BA5A115FA9CDB02EB /* AutomaticBackupControllerTests.swift in Sources */,
				D9B431DA3B567028BAAAA659 /* CalendarSyncCoordinatorTests.swift in Sources */,
				25C5F04212279C7565D1642C /* DashboardViewModelTests.swift in Sources */,
				9956E91792B9E6CF308C2C7A /* DesignSystemFormattingTests.swift in Sources */,
				03224C59A9FC7D56BF6CBC59 /* DomainModelDecodingTests.swift in Sources */,
				ED4F05F2177B6C5E30B5CDCC /* EventKitLessonEventBuilderTests.swift in Sources */,
				19ADEB4D4A0E00CBC1EA2794 /* LessonSummaryFormatterTests.swift in Sources */,
				5E93401C71144BD9172456C7 /* LocalAppEnvironmentTests.swift in Sources */,
				1E2108B8F786B127DF92B298 /* LocalDataResetControllerTests.swift in Sources */,
				7DEC39F3483D58D4D9867004 /* LocalSQLiteRepositoryTests.swift in Sources */,
				F7704A436ED1983D8ACF6BC3 /* LocalWriteQueueTests.swift in Sources */,
				7D7B4B038EC6B8514010CC24 /* NativeSmokeTests.swift in Sources */,
				F6D3155D95AFDAF957B7F840 /* ReadModelParityTests.swift in Sources */,
				CC509737741C5830E2C5D4B3 /* RetrySchedulerTests.swift in Sources */,
				15E7704655F0B845AAFCF64D /* ScheduleConflictDetectorTests.swift in Sources */,
				9C7F78F9326FEA32FF29E372 /* ScheduleValidationTests.swift in Sources */,
				0E7B350BFBFA07BF12B7033D /* StudentEditingValidationTests.swift in Sources */,
				FA5FBD9B18EE220D89A2914F /* StudentRosterQueryTests.swift in Sources */,
				6124D2F58E5C6339D5017009 /* TuitionRepositoryTests.swift in Sources */,
				3031195BB2B060635F0558C1 /* WeeklyOccurrenceExpanderTests.swift in Sources */,
			);
			runOnlyForDeploymentPostprocessing = 0;
		};
/* End PBXSourcesBuildPhase section */

/* Begin PBXTargetDependency section */
		BE24A009E18499DCFF6CDCCA /* PBXTargetDependency */ = {
			isa = PBXTargetDependency;
			target = DEBD451506B565F0AB99557E /* DrumLessonOS */;
			targetProxy = A6A8B36D4450977611E56A1B /* PBXContainerItemProxy */;
		};
/* End PBXTargetDependency section */

/* Begin XCBuildConfiguration section */
		00707A2F2540DD103F94F152 /* Debug */ = {
			isa = XCBuildConfiguration;
			buildSettings = {
				BUNDLE_LOADER = "$(TEST_HOST)";
				CODE_SIGN_STYLE = Automatic;
				COMBINE_HIDPI_IMAGES = YES;
				DEVELOPMENT_TEAM = 95P2P242SQ;
				GENERATE_INFOPLIST_FILE = YES;
				LD_RUNPATH_SEARCH_PATHS = (
					"$(inherited)",
					"@executable_path/../Frameworks",
					"@loader_path/../Frameworks",
				);
				PRODUCT_BUNDLE_IDENTIFIER = com.ericshim.DrumLessonOSTests;
				SDKROOT = macosx;
				TEST_HOST = "$(BUILT_PRODUCTS_DIR)/DrumLessonOS.app/Contents/MacOS/DrumLessonOS";
			};
			name = Debug;
		};
		5FC9EA51DBA4A87DC7145BFC /* Debug */ = {
			isa = XCBuildConfiguration;
			buildSettings = {
				ASSETCATALOG_COMPILER_APPICON_NAME = AppIcon;
				CODE_SIGN_ENTITLEMENTS = DrumLessonOS/DrumLessonOS.entitlements;
				CODE_SIGN_STYLE = Automatic;
				COMBINE_HIDPI_IMAGES = YES;
				DEVELOPMENT_TEAM = 95P2P242SQ;
				ENABLE_HARDENED_RUNTIME = YES;
				GENERATE_INFOPLIST_FILE = NO;
				INFOPLIST_FILE = DrumLessonOS/Info.plist;
				LD_RUNPATH_SEARCH_PATHS = (
					"$(inherited)",
					"@executable_path/../Frameworks",
				);
				PRODUCT_BUNDLE_IDENTIFIER = com.ericshim.DrumLessonOS;
				PRODUCT_NAME = DrumLessonOS;
				SDKROOT = macosx;
			};
			name = Debug;
		};
		73C26C54B9C6A42F9CF8EE99 /* Release */ = {
			isa = XCBuildConfiguration;
			buildSettings = {
				BUNDLE_LOADER = "$(TEST_HOST)";
				CODE_SIGN_STYLE = Automatic;
				COMBINE_HIDPI_IMAGES = YES;
				DEVELOPMENT_TEAM = 95P2P242SQ;
				GENERATE_INFOPLIST_FILE = YES;
				LD_RUNPATH_SEARCH_PATHS = (
					"$(inherited)",
					"@executable_path/../Frameworks",
					"@loader_path/../Frameworks",
				);
				PRODUCT_BUNDLE_IDENTIFIER = com.ericshim.DrumLessonOSTests;
				SDKROOT = macosx;
				TEST_HOST = "$(BUILT_PRODUCTS_DIR)/DrumLessonOS.app/Contents/MacOS/DrumLessonOS";
			};
			name = Release;
		};
		C17DCCF3038A23BE2DDAEF7B /* Release */ = {
			isa = XCBuildConfiguration;
			buildSettings = {
				ALWAYS_SEARCH_USER_PATHS = NO;
				CLANG_ANALYZER_NONNULL = YES;
				CLANG_ANALYZER_NUMBER_OBJECT_CONVERSION = YES_AGGRESSIVE;
				CLANG_CXX_LANGUAGE_STANDARD = "gnu++14";
				CLANG_CXX_LIBRARY = "libc++";
				CLANG_ENABLE_MODULES = YES;
				CLANG_ENABLE_OBJC_ARC = YES;
				CLANG_ENABLE_OBJC_WEAK = YES;
				CLANG_WARN_BLOCK_CAPTURE_AUTORELEASING = YES;
				CLANG_WARN_BOOL_CONVERSION = YES;
				CLANG_WARN_COMMA = YES;
				CLANG_WARN_CONSTANT_CONVERSION = YES;
				CLANG_WARN_DEPRECATED_OBJC_IMPLEMENTATIONS = YES;
				CLANG_WARN_DIRECT_OBJC_ISA_USAGE = YES_ERROR;
				CLANG_WARN_DOCUMENTATION_COMMENTS = YES;
				CLANG_WARN_EMPTY_BODY = YES;
				CLANG_WARN_ENUM_CONVERSION = YES;
				CLANG_WARN_INFINITE_RECURSION = YES;
				CLANG_WARN_INT_CONVERSION = YES;
				CLANG_WARN_NON_LITERAL_NULL_CONVERSION = YES;
				CLANG_WARN_OBJC_IMPLICIT_RETAIN_SELF = YES;
				CLANG_WARN_OBJC_LITERAL_CONVERSION = YES;
				CLANG_WARN_OBJC_ROOT_CLASS = YES_ERROR;
				CLANG_WARN_QUOTED_INCLUDE_IN_FRAMEWORK_HEADER = YES;
				CLANG_WARN_RANGE_LOOP_ANALYSIS = YES;
				CLANG_WARN_STRICT_PROTOTYPES = YES;
				CLANG_WARN_SUSPICIOUS_MOVE = YES;
				CLANG_WARN_UNGUARDED_AVAILABILITY = YES_AGGRESSIVE;
				CLANG_WARN_UNREACHABLE_CODE = YES;
				CLANG_WARN__DUPLICATE_METHOD_MATCH = YES;
				COPY_PHASE_STRIP = NO;
				DEBUG_INFORMATION_FORMAT = "dwarf-with-dsym";
				ENABLE_NS_ASSERTIONS = NO;
				ENABLE_STRICT_OBJC_MSGSEND = YES;
				GCC_C_LANGUAGE_STANDARD = gnu11;
				GCC_NO_COMMON_BLOCKS = YES;
				GCC_WARN_64_TO_32_BIT_CONVERSION = YES;
				GCC_WARN_ABOUT_RETURN_TYPE = YES_ERROR;
				GCC_WARN_UNDECLARED_SELECTOR = YES;
				GCC_WARN_UNINITIALIZED_AUTOS = YES_AGGRESSIVE;
				GCC_WARN_UNUSED_FUNCTION = YES;
				GCC_WARN_UNUSED_VARIABLE = YES;
				MACOSX_DEPLOYMENT_TARGET = 15.0;
				MTL_ENABLE_DEBUG_INFO = NO;
				MTL_FAST_MATH = YES;
				PRODUCT_NAME = "$(TARGET_NAME)";
				SDKROOT = macosx;
				SWIFT_COMPILATION_MODE = wholemodule;
				SWIFT_OPTIMIZATION_LEVEL = "-O";
				SWIFT_VERSION = 6.2;
			};
			name = Release;
		};
		E3C675DDAD6DBB9FD1BDCA6D /* Release */ = {
			isa = XCBuildConfiguration;
			buildSettings = {
				ASSETCATALOG_COMPILER_APPICON_NAME = AppIcon;
				CODE_SIGN_ENTITLEMENTS = DrumLessonOS/DrumLessonOS.entitlements;
				CODE_SIGN_STYLE = Automatic;
				COMBINE_HIDPI_IMAGES = YES;
				DEVELOPMENT_TEAM = 95P2P242SQ;
				ENABLE_HARDENED_RUNTIME = YES;
				GENERATE_INFOPLIST_FILE = NO;
				INFOPLIST_FILE = DrumLessonOS/Info.plist;
				LD_RUNPATH_SEARCH_PATHS = (
					"$(inherited)",
					"@executable_path/../Frameworks",
				);
				PRODUCT_BUNDLE_IDENTIFIER = com.ericshim.DrumLessonOS;
				PRODUCT_NAME = DrumLessonOS;
				SDKROOT = macosx;
			};
			name = Release;
		};
		F9C897A7FFA872740F4D2A45 /* Debug */ = {
			isa = XCBuildConfiguration;
			buildSettings = {
				ALWAYS_SEARCH_USER_PATHS = NO;
				CLANG_ANALYZER_NONNULL = YES;
				CLANG_ANALYZER_NUMBER_OBJECT_CONVERSION = YES_AGGRESSIVE;
				CLANG_CXX_LANGUAGE_STANDARD = "gnu++14";
				CLANG_CXX_LIBRARY = "libc++";
				CLANG_ENABLE_MODULES = YES;
				CLANG_ENABLE_OBJC_ARC = YES;
				CLANG_ENABLE_OBJC_WEAK = YES;
				CLANG_WARN_BLOCK_CAPTURE_AUTORELEASING = YES;
				CLANG_WARN_BOOL_CONVERSION = YES;
				CLANG_WARN_COMMA = YES;
				CLANG_WARN_CONSTANT_CONVERSION = YES;
				CLANG_WARN_DEPRECATED_OBJC_IMPLEMENTATIONS = YES;
				CLANG_WARN_DIRECT_OBJC_ISA_USAGE = YES_ERROR;
				CLANG_WARN_DOCUMENTATION_COMMENTS = YES;
				CLANG_WARN_EMPTY_BODY = YES;
				CLANG_WARN_ENUM_CONVERSION = YES;
				CLANG_WARN_INFINITE_RECURSION = YES;
				CLANG_WARN_INT_CONVERSION = YES;
				CLANG_WARN_NON_LITERAL_NULL_CONVERSION = YES;
				CLANG_WARN_OBJC_IMPLICIT_RETAIN_SELF = YES;
				CLANG_WARN_OBJC_LITERAL_CONVERSION = YES;
				CLANG_WARN_OBJC_ROOT_CLASS = YES_ERROR;
				CLANG_WARN_QUOTED_INCLUDE_IN_FRAMEWORK_HEADER = YES;
				CLANG_WARN_RANGE_LOOP_ANALYSIS = YES;
				CLANG_WARN_STRICT_PROTOTYPES = YES;
				CLANG_WARN_SUSPICIOUS_MOVE = YES;
				CLANG_WARN_UNGUARDED_AVAILABILITY = YES_AGGRESSIVE;
				CLANG_WARN_UNREACHABLE_CODE = YES;
				CLANG_WARN__DUPLICATE_METHOD_MATCH = YES;
				COPY_PHASE_STRIP = NO;
				DEBUG_INFORMATION_FORMAT = dwarf;
				ENABLE_STRICT_OBJC_MSGSEND = YES;
				ENABLE_TESTABILITY = YES;
				GCC_C_LANGUAGE_STANDARD = gnu11;
				GCC_DYNAMIC_NO_PIC = NO;
				GCC_NO_COMMON_BLOCKS = YES;
				GCC_OPTIMIZATION_LEVEL = 0;
				GCC_PREPROCESSOR_DEFINITIONS = (
					"$(inherited)",
					"DEBUG=1",
				);
				GCC_WARN_64_TO_32_BIT_CONVERSION = YES;
				GCC_WARN_ABOUT_RETURN_TYPE = YES_ERROR;
				GCC_WARN_UNDECLARED_SELECTOR = YES;
				GCC_WARN_UNINITIALIZED_AUTOS = YES_AGGRESSIVE;
				GCC_WARN_UNUSED_FUNCTION = YES;
				GCC_WARN_UNUSED_VARIABLE = YES;
				MACOSX_DEPLOYMENT_TARGET = 15.0;
				MTL_ENABLE_DEBUG_INFO = INCLUDE_SOURCE;
				MTL_FAST_MATH = YES;
				ONLY_ACTIVE_ARCH = YES;
				PRODUCT_NAME = "$(TARGET_NAME)";
				SDKROOT = macosx;
				SWIFT_ACTIVE_COMPILATION_CONDITIONS = DEBUG;
				SWIFT_OPTIMIZATION_LEVEL = "-Onone";
				SWIFT_VERSION = 6.2;
			};
			name = Debug;
		};
/* End XCBuildConfiguration section */

/* Begin XCConfigurationList section */
		6BE21CED890FED8869010B5E /* Build configuration list for PBXProject "DrumLessonOS" */ = {
			isa = XCConfigurationList;
			buildConfigurations = (
				F9C897A7FFA872740F4D2A45 /* Debug */,
				C17DCCF3038A23BE2DDAEF7B /* Release */,
			);
			defaultConfigurationIsVisible = 0;
			defaultConfigurationName = Debug;
		};
		9FD3AB24BE8C0A440FE3A754 /* Build configuration list for PBXNativeTarget "DrumLessonOS" */ = {
			isa = XCConfigurationList;
			buildConfigurations = (
				5FC9EA51DBA4A87DC7145BFC /* Debug */,
				E3C675DDAD6DBB9FD1BDCA6D /* Release */,
			);
			defaultConfigurationIsVisible = 0;
			defaultConfigurationName = Debug;
		};
		D15249AA26F6726D8A2E0F8F /* Build configuration list for PBXNativeTarget "DrumLessonOSTests" */ = {
			isa = XCConfigurationList;
			buildConfigurations = (
				00707A2F2540DD103F94F152 /* Debug */,
				73C26C54B9C6A42F9CF8EE99 /* Release */,
			);
			defaultConfigurationIsVisible = 0;
			defaultConfigurationName = Debug;
		};
/* End XCConfigurationList section */
	};
	rootObject = 29786DABFC4E717964AA57A2 /* Project object */;
}
